
Microsoft Visual Studio Solution File, Format Version 12.00
# Visual Studio 15
VisualStudioVersion = 15.0.28010.2048
MinimumVisualStudioVersion = 10.0.40219.1
Project("{FAE04EC0-301F-11D3-BF4B-00C04F79EFBC}") = "Lab3", "Lab3\Lab3.csproj", "{D655FCD8-A453-44E1-A6E8-1EE113C2284D}"
EndProject
Global
	GlobalSection(SolutionConfigurationPlatforms) = preSolution
		Debug|Any CPU = Debug|Any CPU
		Release|Any CPU = Release|Any CPU
	EndGlobalSection
	GlobalSection(ProjectConfigurationPlatforms) = postSolution
		{D655FCD8-A453-44E1-A6E8-1EE113C2284D}.Debug|Any CPU.ActiveCfg = Debug|Any CPU
		{D655FCD8-A453-44E1-A6E8-1EE113C2284D}.Debug|Any CPU.Build.0 = Debug|Any CPU
		{D655FCD8-A453-44E1-A6E8-1EE113C2284D}.Release|Any CPU.ActiveCfg = Release|Any CPU
		{D655FCD8-A453-44E1-A6E8-1EE113C2284D}.Release|Any CPU.Build.0 = Release|Any CPU
	EndGlobalSection
	GlobalSection(SolutionProperties) = preSolution
		HideSolutionNode = FALSE
	EndGlobalSection
	GlobalSection(ExtensibilityGlobals) = postSolution
		SolutionGuid = {48CA4591-99E7-4A9F-B611-DEAF027655C9}
	EndGlobalSection
EndGlobal
